PODS:
  - libwebp (1.5.0):
    - libwebp/demux (= 1.5.0)
    - libwebp/mux (= 1.5.0)
    - libwebp/sharpyuv (= 1.5.0)
    - libwebp/webp (= 1.5.0)
  - libwebp/demux (1.5.0):
    - libwebp/webp
  - libwebp/mux (1.5.0):
    - libwebp/demux
  - libwebp/sharpyuv (1.5.0)
  - libwebp/webp (1.5.0):
    - libwebp/sharpyuv
  - Lynx (3.2.0-alpha.1):
    - Lynx/Framework (= 3.2.0-alpha.1)
  - Lynx/Framework (3.2.0-alpha.1):
    - Lynx/ReleaseResource
    - PrimJS/napi/env
    - PrimJS/napi/jsc
    - PrimJS/napi/quickjs
    - PrimJS/quickjs
  - Lynx/ReleaseResource (3.2.0-alpha.1)
  - LynxService/Http (3.2.0-alpha.1):
    - Lynx (= 3.2.0-alpha.1)
  - LynxService/Image (3.2.0-alpha.1):
    - Lynx (= 3.2.0-alpha.1)
    - SDWebImage (= 5.15.5)
    - SDWebImageWebPCoder (= 0.11.0)
  - LynxService/Log (3.2.0-alpha.1):
    - Lynx (= 3.2.0-alpha.1)
  - PrimJS/log (2.11.1-alpha.3)
  - PrimJS/napi (2.11.1-alpha.3):
    - PrimJS/napi/core (= 2.11.1-alpha.3)
    - PrimJS/napi/env (= 2.11.1-alpha.3)
    - PrimJS/napi/jsc (= 2.11.1-alpha.3)
    - PrimJS/napi/quickjs (= 2.11.1-alpha.3)
  - PrimJS/napi/core (2.11.1-alpha.3)
  - PrimJS/napi/env (2.11.1-alpha.3):
    - PrimJS/napi/core
  - PrimJS/napi/jsc (2.11.1-alpha.3):
    - PrimJS/log
    - PrimJS/napi/core
    - PrimJS/quickjs
  - PrimJS/napi/quickjs (2.11.1-alpha.3):
    - PrimJS/napi/core
    - PrimJS/quickjs
  - PrimJS/quickjs (2.11.1-alpha.3):
    - PrimJS/log
  - SDWebImage (5.15.5):
    - SDWebImage/Core (= 5.15.5)
  - SDWebImage/Core (5.15.5)
  - SDWebImageWebPCoder (0.11.0):
    - libwebp (~> 1.0)
    - SDWebImage/Core (~> 5.15)

DEPENDENCIES:
  - Lynx/Framework (~> 3.2.0-alpha.1)
  - LynxService/Http (= 3.2.0-alpha.1)
  - LynxService/Image (= 3.2.0-alpha.1)
  - LynxService/Log (= 3.2.0-alpha.1)
  - PrimJS/napi (~> 2.11.1-alpha.3)
  - PrimJS/quickjs (~> 2.11.1-alpha.3)
  - SDWebImage (= 5.15.5)
  - SDWebImageWebPCoder (= 0.11.0)

SPEC REPOS:
  trunk:
    - libwebp
    - Lynx
    - LynxService
    - PrimJS
    - SDWebImage
    - SDWebImageWebPCoder

SPEC CHECKSUMS:
  libwebp: 02b23773aedb6ff1fd38cec7a77b81414c6842a8
  Lynx: 00d7ad16a30bf0a58beea73d027f5f93e80f3fdc
  LynxService: 4f2e02550b8e7eb4aeed30be8faaa9d03a90052d
  PrimJS: 8d3aeb28ad92eb8e1bc52fa4f6b997711ce0e26e
  SDWebImage: fd7e1a22f00303e058058278639bf6196ee431fe
  SDWebImageWebPCoder: 295a6573c512f54ad2dd58098e64e17dcf008499

PODFILE CHECKSUM: c5707bce19b8143aeab1d6b0654f6f87b3f0fed1

COCOAPODS: 1.11.3
